
Microsoft Visual Studio Solution File, Format Version 12.00
# Visual Studio Version 17
VisualStudioVersion = 17.11.35312.102
MinimumVisualStudioVersion = 10.0.40219.1
Project("{FAE04EC0-301F-11D3-BF4B-00C04F79EFBC}") = "SonarQubeTest", "SonarQubeTest.csproj", "{594F9F25-5669-4A40-ACD3-4BD166D34F6E}"
EndProject
Global
	GlobalSection(SolutionConfigurationPlatforms) = preSolution
		Debug|Any CPU = Debug|Any CPU
		Release|Any CPU = Release|Any CPU
	EndGlobalSection
	GlobalSection(ProjectConfigurationPlatforms) = postSolution
		{594F9F25-5669-4A40-ACD3-4BD166D34F6E}.Debug|Any CPU.ActiveCfg = Debug|Any CPU
		{594F9F25-5669-4A40-ACD3-4BD166D34F6E}.Debug|Any CPU.Build.0 = Debug|Any CPU
		{594F9F25-5669-4A40-ACD3-4BD166D34F6E}.Release|Any CPU.ActiveCfg = Release|Any CPU
		{594F9F25-5669-4A40-ACD3-4BD166D34F6E}.Release|Any CPU.Build.0 = Release|Any CPU
	EndGlobalSection
	GlobalSection(SolutionProperties) = preSolution
		HideSolutionNode = FALSE
	EndGlobalSection
	GlobalSection(ExtensibilityGlobals) = postSolution
		SolutionGuid = {19C6C9D4-10C4-4F61-B399-CE2809013BA5}
	EndGlobalSection
EndGlobal
